<?xml version="1.0" encoding="utf-8"?>
<Project ToolsVersion="4.0" xmlns="http://schemas.microsoft.com/developer/msbuild/2003">
  <ItemGroup>
    <Filter Include="Resource Files">
      <UniqueIdentifier>{D9D6E242-F8AF-46E4-B9FD-80ECBC20BA3E}</UniqueIdentifier>
      <Extensions>qrc;*</Extensions>
      <ParseFiles>false</ParseFiles>
    </Filter>
    <Filter Include="Resource Files">
      <UniqueIdentifier>{D9D6E242-F8AF-46E4-B9FD-80ECBC20BA3E}</UniqueIdentifier>
      <Extensions>qrc;*</Extensions>
      <ParseFiles>false</ParseFiles>
    </Filter>
    <Filter Include="Core">
      <UniqueIdentifier>{40a22ff7-cedf-4c10-8acc-9c6de6d97afb}</UniqueIdentifier>
    </Filter>
    <Filter Include="Resource Files\Ui">
      <UniqueIdentifier>{e980361d-d650-40d6-b728-f5a6738e3ed3}</UniqueIdentifier>
    </Filter>
    <Filter Include="Core\Model">
      <UniqueIdentifier>{4a33d344-dcac-40b2-9e82-2eb09a1f5d7c}</UniqueIdentifier>
    </Filter>
    <Filter Include="Core\Tools">
      <UniqueIdentifier>{65087186-ef13-4ffa-b793-a3dcbf5287ac}</UniqueIdentifier>
    </Filter>
    <Filter Include="Core\Network">
      <UniqueIdentifier>{f7132147-5472-46fe-8f56-76c1b1ad68a9}</UniqueIdentifier>
    </Filter>
    <Filter Include="Core\Component">
      <UniqueIdentifier>{ff02c01f-860c-47d8-af12-ba86c0e80c02}</UniqueIdentifier>
    </Filter>
    <Filter Include="Core\Component\Chart">
      <UniqueIdentifier>{22f0cbd2-caac-4ed4-8353-3c8efccc5c99}</UniqueIdentifier>
    </Filter>
    <Filter Include="Core\Client">
      <UniqueIdentifier>{273738ba-11e9-4c47-b8cd-075f1366d503}</UniqueIdentifier>
    </Filter>
    <Filter Include="Core\Client\Student">
      <UniqueIdentifier>{a43b9e99-5531-41cb-a445-e75b6ea0c008}</UniqueIdentifier>
    </Filter>
    <Filter Include="Core\Client\Common">
      <UniqueIdentifier>{70712fa1-744e-4ca6-898c-11d6d623b266}</UniqueIdentifier>
    </Filter>
    <Filter Include="Core\Client\Student\OnlineClassroom">
      <UniqueIdentifier>{5abb34dc-79ad-47e4-8da3-12fd9f069448}</UniqueIdentifier>
    </Filter>
    <Filter Include="Core\Client\Student\OnlineClassroom\Interaction">
      <UniqueIdentifier>{14ea678a-d7c7-48f0-a326-120979fc7253}</UniqueIdentifier>
    </Filter>
    <Filter Include="Core\Client\Student\OnlineClassroom\Enter">
      <UniqueIdentifier>{97ace0fb-101e-4e47-b50a-cfad8c0a263f}</UniqueIdentifier>
    </Filter>
    <Filter Include="Core\Hardware">
      <UniqueIdentifier>{ba32e57c-e4f7-4ff5-8e29-54f07481c8f3}</UniqueIdentifier>
    </Filter>
    <Filter Include="Core\Client\Common\MainWindow">
      <UniqueIdentifier>{c1a89f64-7f3b-4f2d-b097-b62ae6224855}</UniqueIdentifier>
    </Filter>
    <Filter Include="Core\Client\Student\MainWindow">
      <UniqueIdentifier>{e02bbd93-935a-4c64-98c9-cf4bb13178be}</UniqueIdentifier>
    </Filter>
    <Filter Include="Core\Client\Common\Interaction">
      <UniqueIdentifier>{8796094a-5ae2-4ac7-b236-bc1b1a0f9976}</UniqueIdentifier>
    </Filter>
    <Filter Include="Core\Client\Common\Interaction\WhiteBoard">
      <UniqueIdentifier>{808b61ce-7524-40ab-b94b-3915feae5181}</UniqueIdentifier>
    </Filter>
    <Filter Include="Core\Client\Common\Interaction\ChatAndInSpeech">
      <UniqueIdentifier>{56b32b77-edc7-4e0d-947f-d43fa9898904}</UniqueIdentifier>
    </Filter>
    <Filter Include="Core\Client\Common\OnlineClassroom">
      <UniqueIdentifier>{07be0fa3-c5f8-4c2c-859d-38f9866ef29c}</UniqueIdentifier>
    </Filter>
    <Filter Include="Core\Client\Teacher">
      <UniqueIdentifier>{0f98040a-a29b-4b31-b6d1-14fae932074a}</UniqueIdentifier>
    </Filter>
    <Filter Include="Core\Client\Teacher\MainWindow">
      <UniqueIdentifier>{b586418c-e032-4bbb-a728-a4e2bf926c61}</UniqueIdentifier>
    </Filter>
    <Filter Include="Core\Client\Teacher\OnlineClassroom">
      <UniqueIdentifier>{49d97768-7454-4512-be15-b0d7b1f3d07a}</UniqueIdentifier>
    </Filter>
    <Filter Include="Core\Client\Teacher\OnlineClassroom\Enter">
      <UniqueIdentifier>{79bd8735-093c-4076-9dea-fb999783d9c6}</UniqueIdentifier>
    </Filter>
    <Filter Include="Core\Client\Teacher\OnlineClassroom\Interaction">
      <UniqueIdentifier>{d33d2af7-b34a-4c94-89ba-2a6c0ed8f54d}</UniqueIdentifier>
    </Filter>
    <Filter Include="Core\Client\Teacher\OnlineClassroom\HandleRaiseHand">
      <UniqueIdentifier>{ec96f35a-d736-4f0d-a414-2289d57f6e2e}</UniqueIdentifier>
    </Filter>
    <Filter Include="Core\Client\Common\CameraDisplay">
      <UniqueIdentifier>{65393905-1442-47e4-af9a-05a6595c319c}</UniqueIdentifier>
    </Filter>
    <Filter Include="Core\Client\Common\CourseManagement">
      <UniqueIdentifier>{0a426a67-fd15-402f-aea6-52446e3303b0}</UniqueIdentifier>
    </Filter>
    <Filter Include="Core\Client\Student\CourseManagement">
      <UniqueIdentifier>{48f150d3-98dc-4524-89ed-5a90f0530966}</UniqueIdentifier>
    </Filter>
    <Filter Include="Core\Client\Teacher\CourseMangement">
      <UniqueIdentifier>{80d7c6c1-14c4-4859-b362-ec0e0e6fe87a}</UniqueIdentifier>
    </Filter>
    <Filter Include="Core\Client\Common\CourseOverview">
      <UniqueIdentifier>{a0c3d810-c7c5-4fbf-81ab-aca6b0cafc3d}</UniqueIdentifier>
    </Filter>
    <Filter Include="Core\Client\Teacher\CourseMangement\CourseOverview">
      <UniqueIdentifier>{f721d7e7-8dd9-4c88-b386-47e47160b6f4}</UniqueIdentifier>
    </Filter>
  </ItemGroup>
  <ItemGroup>
    <QtRcc Include="Status.qrc">
      <Filter>Resource Files</Filter>
    </QtRcc>
  </ItemGroup>
  <ItemGroup>
    <QtUic Include="Resources\ui\c_chatItemMineWidget.ui">
      <Filter>Resource Files\Ui</Filter>
    </QtUic>
    <QtUic Include="Resources\ui\c_chatItemOtherWidget.ui">
      <Filter>Resource Files\Ui</Filter>
    </QtUic>
    <QtUic Include="Resources\ui\c_inSpeechMemberItemWidget.ui">
      <Filter>Resource Files\Ui</Filter>
    </QtUic>
    <QtUic Include="Resources\ui\s_inSpeechRemovableWidget.ui">
      <Filter>Resource Files\Ui</Filter>
    </QtUic>
    <QtUic Include="Resources\ui\s_enterDialog.ui">
      <Filter>Resource Files\Ui</Filter>
    </QtUic>
    <QtUic Include="Resources\ui\t_handleRaiseHandWidget.ui">
      <Filter>Resource Files\Ui</Filter>
    </QtUic>
    <QtUic Include="Resources\ui\t_enterDialog.ui">
      <Filter>Resource Files\Ui</Filter>
    </QtUic>
    <QtUic Include="Resources\ui\c_chatAndInSpeechWidget.ui">
      <Filter>Resource Files\Ui</Filter>
    </QtUic>
    <QtUic Include="Resources\ui\c_whiteBoardWidget.ui">
      <Filter>Resource Files\Ui</Filter>
    </QtUic>
    <QtUic Include="Resources\ui\c_mainWindow.ui">
      <Filter>Resource Files\Ui</Filter>
    </QtUic>
    <QtUic Include="Resources\ui\c_interactionWidget.ui">
      <Filter>Resource Files\Ui</Filter>
    </QtUic>
    <QtUic Include="Resources\ui\c_onlineClassroomWidget.ui">
      <Filter>Resource Files\Ui</Filter>
    </QtUic>
    <QtUic Include="Resources\ui\s_functionButtonWidget.ui">
      <Filter>Resource Files\Ui</Filter>
    </QtUic>
    <QtUic Include="Resources\ui\t_functionButtonWidget.ui">
      <Filter>Resource Files\Ui</Filter>
    </QtUic>
    <QtUic Include="Resources\ui\s_onlineClassroomFunctionButtonWidget.ui">
      <Filter>Resource Files\Ui</Filter>
    </QtUic>
    <QtUic Include="Resources\ui\t_onlineClassroomFunctionButtonWidget.ui">
      <Filter>Resource Files\Ui</Filter>
    </QtUic>
    <QtUic Include="Resources\ui\t_raiseHandItemWidget.ui">
      <Filter>Resource Files\Ui</Filter>
    </QtUic>
    <QtUic Include="Resources\ui\c_cameraDisplayWidget.ui">
      <Filter>Resource Files\Ui</Filter>
    </QtUic>
    <QtUic Include="Resources\ui\c_courseManagementWidget.ui">
      <Filter>Resource Files\Ui</Filter>
    </QtUic>
    <QtUic Include="Resources\ui\s_courseManagementFunctionButtonWidget.ui">
      <Filter>Resource Files\Ui</Filter>
    </QtUic>
    <QtUic Include="Resources\ui\t_courseManagementFunctionButtonWidget.ui">
      <Filter>Resource Files\Ui</Filter>
    </QtUic>
    <QtUic Include="Resources\ui\c_courseBaseWidget.ui">
      <Filter>Resource Files\Ui</Filter>
    </QtUic>
    <QtUic Include="Resources\ui\c_courseOverviewWidget.ui">
      <Filter>Resource Files\Ui</Filter>
    </QtUic>
    <QtUic Include="Resources\ui\c_textInfoCardWidget.ui">
      <Filter>Resource Files\Ui</Filter>
    </QtUic>
  </ItemGroup>
  <ItemGroup>
    <ClCompile Include="main.cpp" />
    <ClCompile Include="Core\Model\course.cpp">
      <Filter>Core\Model</Filter>
    </ClCompile>
    <ClCompile Include="Core\Model\user.cpp">
      <Filter>Core\Model</Filter>
    </ClCompile>
    <ClCompile Include="Core\Tools\base64.cpp">
      <Filter>Core\Tools</Filter>
    </ClCompile>
    <ClCompile Include="Core\Tools\pic_tools.cpp">
      <Filter>Core\Tools</Filter>
    </ClCompile>
    <ClCompile Include="Core\Tools\tools.cpp">
      <Filter>Core\Tools</Filter>
    </ClCompile>
    <ClCompile Include="Core\Network\socket.cpp">
      <Filter>Core\Network</Filter>
    </ClCompile>
    <ClCompile Include="Core\Component\toast.cpp">
      <Filter>Core\Component</Filter>
    </ClCompile>
    <ClCompile Include="Core\Hardware\camera.cpp">
      <Filter>Core\Hardware</Filter>
    </ClCompile>
    <ClCompile Include="Core\Client\conf.cpp">
      <Filter>Core\Client</Filter>
    </ClCompile>
    <ClCompile Include="Core\Network\httpRequest.cpp">
      <Filter>Core\Network</Filter>
    </ClCompile>
    <ClCompile Include="Core\Client\Student\OnlineClassroom\Enter\s_enterDialog.cpp">
      <Filter>Core\Client\Student\OnlineClassroom\Enter</Filter>
    </ClCompile>
    <ClCompile Include="Core\Client\Student\OnlineClassroom\s_onlineClassroomWidget.cpp">
      <Filter>Core\Client\Student\OnlineClassroom</Filter>
    </ClCompile>
    <ClCompile Include="Core\Component\Chart\areaChart.cpp">
      <Filter>Core\Component\Chart</Filter>
    </ClCompile>
    <ClCompile Include="Core\Component\Chart\areaChartDynamic.cpp">
      <Filter>Core\Component\Chart</Filter>
    </ClCompile>
    <ClCompile Include="Core\Component\Chart\lineAndBarChart.cpp">
      <Filter>Core\Component\Chart</Filter>
    </ClCompile>
    <ClCompile Include="Core\Client\Common\MainWindow\mainWindow.cpp">
      <Filter>Core\Client\Common\MainWindow</Filter>
    </ClCompile>
    <ClCompile Include="Core\Client\Student\MainWindow\s_mainWindow.cpp">
      <Filter>Core\Client\Student\MainWindow</Filter>
    </ClCompile>
    <ClCompile Include="Core\Client\Student\MainWindow\s_functionButtonWidget.cpp">
      <Filter>Core\Client\Student\MainWindow</Filter>
    </ClCompile>
    <ClCompile Include="Core\Client\Common\Interaction\interactionWidget.cpp">
      <Filter>Core\Client\Common\Interaction</Filter>
    </ClCompile>
    <ClCompile Include="Core\Client\Common\Interaction\ChatAndInSpeech\chatAndInSpeechWidget.cpp">
      <Filter>Core\Client\Common\Interaction\ChatAndInSpeech</Filter>
    </ClCompile>
    <ClCompile Include="Core\Client\Common\Interaction\ChatAndInSpeech\chatItemWidget.cpp">
      <Filter>Core\Client\Common\Interaction\ChatAndInSpeech</Filter>
    </ClCompile>
    <ClCompile Include="Core\Client\Common\Interaction\ChatAndInSpeech\inSpeechMemberItemWidget.cpp">
      <Filter>Core\Client\Common\Interaction\ChatAndInSpeech</Filter>
    </ClCompile>
    <ClCompile Include="Core\Client\Common\Interaction\WhiteBoard\lineedit.cpp">
      <Filter>Core\Client\Common\Interaction\WhiteBoard</Filter>
    </ClCompile>
    <ClCompile Include="Core\Client\Common\Interaction\WhiteBoard\whiteboard.cpp">
      <Filter>Core\Client\Common\Interaction\WhiteBoard</Filter>
    </ClCompile>
    <ClCompile Include="Core\Client\Common\Interaction\WhiteBoard\whiteBoardWidget.cpp">
      <Filter>Core\Client\Common\Interaction\WhiteBoard</Filter>
    </ClCompile>
    <ClCompile Include="Core\Client\Common\OnlineClassroom\onlineClassroomWidget.cpp">
      <Filter>Core\Client\Common\OnlineClassroom</Filter>
    </ClCompile>
    <ClCompile Include="Core\Client\Student\OnlineClassroom\s_onlineClassroomFunctionButtonWidget.cpp">
      <Filter>Core\Client\Student\OnlineClassroom</Filter>
    </ClCompile>
    <ClCompile Include="Core\Client\Student\OnlineClassroom\s_inSpeechRemovableWidget.cpp">
      <Filter>Core\Client\Student\OnlineClassroom</Filter>
    </ClCompile>
    <ClCompile Include="Core\Client\Student\OnlineClassroom\Interaction\s_interactionWidget.cpp">
      <Filter>Core\Client\Student\OnlineClassroom\Interaction</Filter>
    </ClCompile>
    <ClCompile Include="Core\Client\Teacher\MainWindow\t_functionButtonWidget.cpp">
      <Filter>Core\Client\Teacher\MainWindow</Filter>
    </ClCompile>
    <ClCompile Include="Core\Client\Teacher\MainWindow\t_mainWindow.cpp">
      <Filter>Core\Client\Teacher\MainWindow</Filter>
    </ClCompile>
    <ClCompile Include="Core\Client\Teacher\OnlineClassroom\Enter\t_enterDialog.cpp">
      <Filter>Core\Client\Teacher\OnlineClassroom\Enter</Filter>
    </ClCompile>
    <ClCompile Include="Core\Client\Teacher\OnlineClassroom\Interaction\t_interactionWidget.cpp">
      <Filter>Core\Client\Teacher\OnlineClassroom\Interaction</Filter>
    </ClCompile>
    <ClCompile Include="Core\Client\Teacher\OnlineClassroom\t_onlineClassroomWidget.cpp">
      <Filter>Core\Client\Teacher\OnlineClassroom</Filter>
    </ClCompile>
    <ClCompile Include="Core\Client\Teacher\OnlineClassroom\t_onlineClassroomFunctionButtonWidget.cpp">
      <Filter>Core\Client\Teacher\OnlineClassroom</Filter>
    </ClCompile>
    <ClCompile Include="Core\Client\Teacher\OnlineClassroom\HandleRaiseHand\t_handleRaiseHandWidge.cpp">
      <Filter>Core\Client\Teacher\OnlineClassroom\HandleRaiseHand</Filter>
    </ClCompile>
    <ClCompile Include="Core\Client\Teacher\OnlineClassroom\HandleRaiseHand\t_raiseHandItemWidget.cpp">
      <Filter>Core\Client\Teacher\OnlineClassroom\HandleRaiseHand</Filter>
    </ClCompile>
    <ClCompile Include="Core\Client\Common\CameraDisplay\cameraDisplayWidget.cpp">
      <Filter>Core\Client\Common\CameraDisplay</Filter>
    </ClCompile>
    <ClCompile Include="Core\Client\Common\CourseManagement\courseBaseWidget.cpp">
      <Filter>Core\Client\Common\CourseManagement</Filter>
    </ClCompile>
    <ClCompile Include="Core\Client\Common\CourseManagement\courseManagementWidget.cpp">
      <Filter>Core\Client\Common\CourseManagement</Filter>
    </ClCompile>
    <ClCompile Include="Core\Client\Student\CourseManagement\s_courseManagementWidget.cpp">
      <Filter>Core\Client\Student\CourseManagement</Filter>
    </ClCompile>
    <ClCompile Include="Core\Client\Teacher\CourseManagement\t_courseManagementWidget.cpp">
      <Filter>Core\Client\Teacher\CourseMangement</Filter>
    </ClCompile>
    <ClCompile Include="Core\Client\Student\CourseManagement\s_courseManagementFunctionButtonWidget.cpp">
      <Filter>Core\Client\Student\CourseManagement</Filter>
    </ClCompile>
    <ClCompile Include="Core\Client\Teacher\CourseManagement\t_courseManagementFunctionButtonWidget.cpp">
      <Filter>Core\Client\Teacher\CourseMangement</Filter>
    </ClCompile>
    <ClCompile Include="Core\Client\Common\CourseOverview\courseOverviewWidget.cpp">
      <Filter>Core\Client\Common\CourseOverview</Filter>
    </ClCompile>
    <ClCompile Include="Core\Client\Teacher\CourseManagement\CourseOverview\t_courseOverviewWidget.cpp">
      <Filter>Core\Client\Teacher\CourseMangement\CourseOverview</Filter>
    </ClCompile>
    <ClCompile Include="Core\Client\Common\CourseOverview\textInfoCardWidget.cpp">
      <Filter>Core\Client\Common\CourseOverview</Filter>
    </ClCompile>
  </ItemGroup>
  <ItemGroup>
    <QtMoc Include="Core\Network\socket.h">
      <Filter>Core\Network</Filter>
    </QtMoc>
    <QtMoc Include="Core\Component\toast.h">
      <Filter>Core\Component</Filter>
    </QtMoc>
    <QtMoc Include="Core\Hardware\camera.h">
      <Filter>Core\Hardware</Filter>
    </QtMoc>
    <QtMoc Include="Core\Network\httpRequest.h">
      <Filter>Core\Network</Filter>
    </QtMoc>
    <QtMoc Include="Core\Client\Student\OnlineClassroom\Enter\s_enterDialog.h">
      <Filter>Core\Client\Student\OnlineClassroom\Enter</Filter>
    </QtMoc>
    <QtMoc Include="Core\Client\Student\OnlineClassroom\s_onlineClassroomWidget.h">
      <Filter>Core\Client\Student\OnlineClassroom</Filter>
    </QtMoc>
    <QtMoc Include="Core\Component\Chart\areaChart.h">
      <Filter>Core\Component\Chart</Filter>
    </QtMoc>
    <QtMoc Include="Core\Component\Chart\areaChartDynamic.h">
      <Filter>Core\Component\Chart</Filter>
    </QtMoc>
    <QtMoc Include="Core\Component\Chart\lineAndBarChart.h">
      <Filter>Core\Component\Chart</Filter>
    </QtMoc>
    <QtMoc Include="Core\Client\Common\MainWindow\mainWindow.h">
      <Filter>Core\Client\Common\MainWindow</Filter>
    </QtMoc>
    <QtMoc Include="Core\Client\Student\MainWindow\s_mainWindow.h">
      <Filter>Core\Client\Student\MainWindow</Filter>
    </QtMoc>
    <QtMoc Include="Core\Client\Student\MainWindow\s_functionButtonWidget.h">
      <Filter>Core\Client\Student\MainWindow</Filter>
    </QtMoc>
    <QtMoc Include="Core\Client\Common\Interaction\interactionWidget.h">
      <Filter>Core\Client\Common\Interaction</Filter>
    </QtMoc>
    <QtMoc Include="Core\Client\Common\Interaction\ChatAndInSpeech\chatAndInSpeechWidget.h">
      <Filter>Core\Client\Common\Interaction\ChatAndInSpeech</Filter>
    </QtMoc>
    <QtMoc Include="Core\Client\Common\Interaction\ChatAndInSpeech\inSpeechMemberItemWidget.h">
      <Filter>Core\Client\Common\Interaction\ChatAndInSpeech</Filter>
    </QtMoc>
    <QtMoc Include="Core\Client\Common\Interaction\WhiteBoard\lineEdit.h">
      <Filter>Core\Client\Common\Interaction\WhiteBoard</Filter>
    </QtMoc>
    <QtMoc Include="Core\Client\Common\Interaction\WhiteBoard\whiteboard.h">
      <Filter>Core\Client\Common\Interaction\WhiteBoard</Filter>
    </QtMoc>
    <QtMoc Include="Core\Client\Common\Interaction\WhiteBoard\whiteBoardWidget.h">
      <Filter>Core\Client\Common\Interaction\WhiteBoard</Filter>
    </QtMoc>
    <QtMoc Include="Core\Client\Common\OnlineClassroom\onlineClassroomWidget.h">
      <Filter>Core\Client\Common\OnlineClassroom</Filter>
    </QtMoc>
    <QtMoc Include="Core\Client\Student\OnlineClassroom\s_onlineClassroomFunctionButtonWidget.h">
      <Filter>Core\Client\Student\OnlineClassroom</Filter>
    </QtMoc>
    <QtMoc Include="Core\Client\Student\OnlineClassroom\s_inSpeechRemovableWidget.h">
      <Filter>Core\Client\Student\OnlineClassroom</Filter>
    </QtMoc>
    <QtMoc Include="Core\Client\Student\OnlineClassroom\Interaction\s_interactionWidget.h">
      <Filter>Core\Client\Student\OnlineClassroom\Interaction</Filter>
    </QtMoc>
    <QtMoc Include="Core\Client\Teacher\MainWindow\t_functionButtonWidget.h">
      <Filter>Core\Client\Teacher\MainWindow</Filter>
    </QtMoc>
    <QtMoc Include="Core\Client\Teacher\MainWindow\t_mainWindow.h">
      <Filter>Core\Client\Teacher\MainWindow</Filter>
    </QtMoc>
    <QtMoc Include="Core\Client\Teacher\OnlineClassroom\t_onlineClassroomWidget.h">
      <Filter>Core\Client\Teacher\OnlineClassroom</Filter>
    </QtMoc>
    <QtMoc Include="Core\Client\Teacher\OnlineClassroom\t_onlineClassroomFunctionButtonWidget.h">
      <Filter>Core\Client\Teacher\OnlineClassroom</Filter>
    </QtMoc>
    <QtMoc Include="Core\Client\Teacher\OnlineClassroom\HandleRaiseHand\t_raiseHandItemWidget.h">
      <Filter>Core\Client\Teacher\OnlineClassroom\HandleRaiseHand</Filter>
    </QtMoc>
    <QtMoc Include="Core\Client\Teacher\OnlineClassroom\HandleRaiseHand\t_handleRaiseHandWidget.h">
      <Filter>Core\Client\Teacher\OnlineClassroom\HandleRaiseHand</Filter>
    </QtMoc>
    <QtMoc Include="Core\Client\Teacher\OnlineClassroom\Interaction\t_interactionWidget.h">
      <Filter>Core\Client\Teacher\OnlineClassroom\Interaction</Filter>
    </QtMoc>
    <QtMoc Include="Core\Client\Teacher\OnlineClassroom\Enter\t_enterDialog.h">
      <Filter>Core\Client\Teacher\OnlineClassroom\Enter</Filter>
    </QtMoc>
    <QtMoc Include="Core\Client\Common\CameraDisplay\cameraDisplayWidget.h">
      <Filter>Core\Client\Common\CameraDisplay</Filter>
    </QtMoc>
    <QtMoc Include="Core\Client\Common\CourseManagement\courseBaseWidget.h">
      <Filter>Core\Client\Common\CourseManagement</Filter>
    </QtMoc>
    <QtMoc Include="Core\Client\Common\CourseManagement\courseManagementWidget.h">
      <Filter>Core\Client\Common\CourseManagement</Filter>
    </QtMoc>
    <QtMoc Include="Core\Client\Student\CourseManagement\s_courseManagementWidget.h">
      <Filter>Core\Client\Student\CourseManagement</Filter>
    </QtMoc>
    <QtMoc Include="Core\Client\Teacher\CourseManagement\t_courseManagementWidget.h">
      <Filter>Core\Client\Teacher\CourseMangement</Filter>
    </QtMoc>
    <QtMoc Include="Core\Client\Student\CourseManagement\s_courseManagementFunctionButtonWidget.h">
      <Filter>Core\Client\Student\CourseManagement</Filter>
    </QtMoc>
    <QtMoc Include="Core\Client\Teacher\CourseManagement\t_courseManagementFunctionButtonWidget.h">
      <Filter>Core\Client\Teacher\CourseMangement</Filter>
    </QtMoc>
    <QtMoc Include="Core\Client\Common\CourseOverview\courseOverviewWidget.h">
      <Filter>Core\Client\Common\CourseOverview</Filter>
    </QtMoc>
    <QtMoc Include="Core\Client\Teacher\CourseManagement\CourseOverview\t_courseOverviewWidget.h">
      <Filter>Core\Client\Teacher\CourseMangement\CourseOverview</Filter>
    </QtMoc>
    <QtMoc Include="Core\Client\Common\CourseOverview\textInfoCardWidget.h">
      <Filter>Core\Client\Common\CourseOverview</Filter>
    </QtMoc>
  </ItemGroup>
  <ItemGroup>
    <ClInclude Include="Core\Model\course.h">
      <Filter>Core\Model</Filter>
    </ClInclude>
    <ClInclude Include="Core\Model\user.h">
      <Filter>Core\Model</Filter>
    </ClInclude>
    <ClInclude Include="Core\Tools\base64.h">
      <Filter>Core\Tools</Filter>
    </ClInclude>
    <ClInclude Include="Core\Tools\tools.h">
      <Filter>Core\Tools</Filter>
    </ClInclude>
    <ClInclude Include="Core\Tools\pic_tools.h">
      <Filter>Core\Tools</Filter>
    </ClInclude>
    <ClInclude Include="Core\Client\conf.h">
      <Filter>Core\Client</Filter>
    </ClInclude>
    <ClInclude Include="Core\Client\onlineEdu.h">
      <Filter>Core\Client</Filter>
    </ClInclude>
    <ClInclude Include="Core\Client\Common\Interaction\ChatAndInSpeech\chatItemWidget.h">
      <Filter>Core\Client\Common\Interaction\ChatAndInSpeech</Filter>
    </ClInclude>
  </ItemGroup>
  <ItemGroup>
    <None Include="cpp.hint" />
    <None Include="Core\Client\conf.ini">
      <Filter>Core\Client</Filter>
    </None>
  </ItemGroup>
</Project>