<?xml version="1.0" encoding="utf-8"?>
<Project ToolsVersion="4.0" xmlns="http://schemas.microsoft.com/developer/msbuild/2003">
  <ItemGroup>
    <Filter Include="Resource Files">
      <UniqueIdentifier>{D9D6E242-F8AF-46E4-B9FD-80ECBC20BA3E}</UniqueIdentifier>
      <Extensions>qrc;*</Extensions>
      <ParseFiles>false</ParseFiles>
    </Filter>
    <Filter Include="Resource Files">
      <UniqueIdentifier>{D9D6E242-F8AF-46E4-B9FD-80ECBC20BA3E}</UniqueIdentifier>
      <Extensions>qrc;*</Extensions>
      <ParseFiles>false</ParseFiles>
    </Filter>
    <Filter Include="Core">
      <UniqueIdentifier>{40a22ff7-cedf-4c10-8acc-9c6de6d97afb}</UniqueIdentifier>
    </Filter>
    <Filter Include="Resource Files\Ui">
      <UniqueIdentifier>{e980361d-d650-40d6-b728-f5a6738e3ed3}</UniqueIdentifier>
    </Filter>
    <Filter Include="Core\Model">
      <UniqueIdentifier>{4a33d344-dcac-40b2-9e82-2eb09a1f5d7c}</UniqueIdentifier>
    </Filter>
    <Filter Include="Core\Tools">
      <UniqueIdentifier>{65087186-ef13-4ffa-b793-a3dcbf5287ac}</UniqueIdentifier>
    </Filter>
    <Filter Include="Core\Network">
      <UniqueIdentifier>{f7132147-5472-46fe-8f56-76c1b1ad68a9}</UniqueIdentifier>
    </Filter>
    <Filter Include="Core\Component">
      <UniqueIdentifier>{ff02c01f-860c-47d8-af12-ba86c0e80c02}</UniqueIdentifier>
    </Filter>
    <Filter Include="Core\Component\Chart">
      <UniqueIdentifier>{22f0cbd2-caac-4ed4-8353-3c8efccc5c99}</UniqueIdentifier>
    </Filter>
    <Filter Include="Core\Component\WhiteBoard">
      <UniqueIdentifier>{788add6b-af5e-4507-b353-25184d229357}</UniqueIdentifier>
    </Filter>
    <Filter Include="Core\Client">
      <UniqueIdentifier>{273738ba-11e9-4c47-b8cd-075f1366d503}</UniqueIdentifier>
    </Filter>
    <Filter Include="Core\Client\Student">
      <UniqueIdentifier>{a43b9e99-5531-41cb-a445-e75b6ea0c008}</UniqueIdentifier>
    </Filter>
    <Filter Include="Core\Client\Teacher">
      <UniqueIdentifier>{5aa458c2-0c08-4e2e-a2bc-63461d618a55}</UniqueIdentifier>
    </Filter>
    <Filter Include="Core\Client\Common">
      <UniqueIdentifier>{70712fa1-744e-4ca6-898c-11d6d623b266}</UniqueIdentifier>
    </Filter>
    <Filter Include="Core\Client\Teacher\CourseManagement">
      <UniqueIdentifier>{b0ffd6e4-7524-43a9-8b4e-6567d511ae8e}</UniqueIdentifier>
    </Filter>
    <Filter Include="Core\Client\Teacher\OnlineClassroom">
      <UniqueIdentifier>{fce01af3-8e9a-4106-9508-d3bd52a19e7f}</UniqueIdentifier>
    </Filter>
    <Filter Include="Core\Client\Teacher\OnlineClassroom\Interaction">
      <UniqueIdentifier>{4e992456-30da-40bb-b090-6ccd7cec5e2f}</UniqueIdentifier>
    </Filter>
    <Filter Include="Core\Client\Teacher\OnlineClassroom\Enter">
      <UniqueIdentifier>{2a2a8363-6c86-436e-86c6-885919272e48}</UniqueIdentifier>
    </Filter>
    <Filter Include="Core\Client\Student\OnlineClassroom">
      <UniqueIdentifier>{5abb34dc-79ad-47e4-8da3-12fd9f069448}</UniqueIdentifier>
    </Filter>
    <Filter Include="Core\Client\Student\OnlineClassroom\Interaction">
      <UniqueIdentifier>{14ea678a-d7c7-48f0-a326-120979fc7253}</UniqueIdentifier>
    </Filter>
    <Filter Include="Core\Client\Student\OnlineClassroom\Enter">
      <UniqueIdentifier>{97ace0fb-101e-4e47-b50a-cfad8c0a263f}</UniqueIdentifier>
    </Filter>
    <Filter Include="Core\Hardware">
      <UniqueIdentifier>{ba32e57c-e4f7-4ff5-8e29-54f07481c8f3}</UniqueIdentifier>
    </Filter>
    <Filter Include="Core\Client\Student\OnlineClassroom\Concentration">
      <UniqueIdentifier>{1359f49d-72c8-48b9-99ba-275d1497f44d}</UniqueIdentifier>
    </Filter>
    <Filter Include="Core\Client\Student\CourseManagement">
      <UniqueIdentifier>{771a82be-d7eb-4a61-9247-a36e6bf4716f}</UniqueIdentifier>
    </Filter>
    <Filter Include="Core\Component\ChatAndInSpeech">
      <UniqueIdentifier>{63fa9581-a7e6-4496-926b-98d38e196dee}</UniqueIdentifier>
    </Filter>
  </ItemGroup>
  <ItemGroup>
    <QtRcc Include="Status.qrc">
      <Filter>Resource Files</Filter>
    </QtRcc>
  </ItemGroup>
  <ItemGroup>
    <QtUic Include="Resources\ui\c_chatItemMineWidget.ui">
      <Filter>Resource Files\Ui</Filter>
    </QtUic>
    <QtUic Include="Resources\ui\c_chatItemOtherWidget.ui">
      <Filter>Resource Files\Ui</Filter>
    </QtUic>
    <QtUic Include="Resources\ui\c_inSpeechMemberItemWidget.ui">
      <Filter>Resource Files\Ui</Filter>
    </QtUic>
    <QtUic Include="Resources\ui\c_raiseHandItemWidget.ui">
      <Filter>Resource Files\Ui</Filter>
    </QtUic>
    <QtUic Include="Resources\ui\s_courseManagementWidget.ui">
      <Filter>Resource Files\Ui</Filter>
    </QtUic>
    <QtUic Include="Resources\ui\s_inSpeechRemovableWidget.ui">
      <Filter>Resource Files\Ui</Filter>
    </QtUic>
    <QtUic Include="Resources\ui\s_mainWindow.ui">
      <Filter>Resource Files\Ui</Filter>
    </QtUic>
    <QtUic Include="Resources\ui\s_enterDialog.ui">
      <Filter>Resource Files\Ui</Filter>
    </QtUic>
    <QtUic Include="Resources\ui\s_onlineClassroomWidget.ui">
      <Filter>Resource Files\Ui</Filter>
    </QtUic>
    <QtUic Include="Resources\ui\t_handleRaiseHandWidget.ui">
      <Filter>Resource Files\Ui</Filter>
    </QtUic>
    <QtUic Include="Resources\ui\t_mainWindow.ui">
      <Filter>Resource Files\Ui</Filter>
    </QtUic>
    <QtUic Include="Resources\ui\t_enterDialog.ui">
      <Filter>Resource Files\Ui</Filter>
    </QtUic>
    <QtUic Include="Resources\ui\t_onlineClassroomWidget.ui">
      <Filter>Resource Files\Ui</Filter>
    </QtUic>
    <QtUic Include="Resources\ui\t_courseManagementWidget.ui">
      <Filter>Resource Files\Ui</Filter>
    </QtUic>
    <QtUic Include="Resources\ui\c_chatAndInSpeechWidget.ui">
      <Filter>Resource Files\Ui</Filter>
    </QtUic>
    <QtUic Include="Resources\ui\c_whiteBoardWidget.ui">
      <Filter>Resource Files\Ui</Filter>
    </QtUic>
  </ItemGroup>
  <ItemGroup>
    <ClCompile Include="main.cpp" />
    <ClCompile Include="Core\Model\course.cpp">
      <Filter>Core\Model</Filter>
    </ClCompile>
    <ClCompile Include="Core\Model\user.cpp">
      <Filter>Core\Model</Filter>
    </ClCompile>
    <ClCompile Include="Core\Tools\base64.cpp">
      <Filter>Core\Tools</Filter>
    </ClCompile>
    <ClCompile Include="Core\Tools\pic_tools.cpp">
      <Filter>Core\Tools</Filter>
    </ClCompile>
    <ClCompile Include="Core\Tools\tools.cpp">
      <Filter>Core\Tools</Filter>
    </ClCompile>
    <ClCompile Include="Core\Network\socket.cpp">
      <Filter>Core\Network</Filter>
    </ClCompile>
    <ClCompile Include="Core\Component\toast.cpp">
      <Filter>Core\Component</Filter>
    </ClCompile>
    <ClCompile Include="Core\Hardware\camera.cpp">
      <Filter>Core\Hardware</Filter>
    </ClCompile>
    <ClCompile Include="Core\Client\conf.cpp">
      <Filter>Core\Client</Filter>
    </ClCompile>
    <ClCompile Include="Core\Network\httpRequest.cpp">
      <Filter>Core\Network</Filter>
    </ClCompile>
    <ClCompile Include="Core\Client\Common\c_listWidgetItem.cpp">
      <Filter>Core\Client\Common</Filter>
    </ClCompile>
    <ClCompile Include="Core\Client\Student\CourseManagement\s_courseManagementWidget.cpp">
      <Filter>Core\Client\Student\CourseManagement</Filter>
    </ClCompile>
    <ClCompile Include="Core\Client\Student\OnlineClassroom\Concentration\s_concentrationController.cpp">
      <Filter>Core\Client\Student\OnlineClassroom\Concentration</Filter>
    </ClCompile>
    <ClCompile Include="Core\Client\Student\OnlineClassroom\Enter\s_enterController.cpp">
      <Filter>Core\Client\Student\OnlineClassroom\Enter</Filter>
    </ClCompile>
    <ClCompile Include="Core\Client\Student\OnlineClassroom\Enter\s_enterDialog.cpp">
      <Filter>Core\Client\Student\OnlineClassroom\Enter</Filter>
    </ClCompile>
    <ClCompile Include="Core\Client\Student\OnlineClassroom\Interaction\s_chatController.cpp">
      <Filter>Core\Client\Student\OnlineClassroom\Interaction</Filter>
    </ClCompile>
    <ClCompile Include="Core\Client\Student\OnlineClassroom\Interaction\s_whiteBoardController.cpp">
      <Filter>Core\Client\Student\OnlineClassroom\Interaction</Filter>
    </ClCompile>
    <ClCompile Include="Core\Client\Student\OnlineClassroom\s_onlineClassroomController.cpp">
      <Filter>Core\Client\Student\OnlineClassroom</Filter>
    </ClCompile>
    <ClCompile Include="Core\Client\Student\OnlineClassroom\s_onlineClassroomWidget.cpp">
      <Filter>Core\Client\Student\OnlineClassroom</Filter>
    </ClCompile>
    <ClCompile Include="Core\Client\Student\s_mainWindow.cpp">
      <Filter>Core\Client\Student</Filter>
    </ClCompile>
    <ClCompile Include="Core\Client\Student\s_mainWindowController.cpp">
      <Filter>Core\Client\Student</Filter>
    </ClCompile>
    <ClCompile Include="Core\Client\Teacher\OnlineClassroom\Enter\t_enterController.cpp">
      <Filter>Core\Client\Teacher\OnlineClassroom\Enter</Filter>
    </ClCompile>
    <ClCompile Include="Core\Client\Teacher\OnlineClassroom\Enter\t_enterDialog.cpp">
      <Filter>Core\Client\Teacher\OnlineClassroom\Enter</Filter>
    </ClCompile>
    <ClCompile Include="Core\Client\Teacher\OnlineClassroom\Interaction\t_chatController.cpp">
      <Filter>Core\Client\Teacher\OnlineClassroom\Interaction</Filter>
    </ClCompile>
    <ClCompile Include="Core\Client\Teacher\OnlineClassroom\Interaction\t_whiteBoardController.cpp">
      <Filter>Core\Client\Teacher\OnlineClassroom\Interaction</Filter>
    </ClCompile>
    <ClCompile Include="Core\Client\Teacher\OnlineClassroom\t_onlineClassroomController.cpp">
      <Filter>Core\Client\Teacher\OnlineClassroom</Filter>
    </ClCompile>
    <ClCompile Include="Core\Client\Teacher\OnlineClassroom\t_onlineClassroomWidget.cpp">
      <Filter>Core\Client\Teacher\OnlineClassroom</Filter>
    </ClCompile>
    <ClCompile Include="Core\Client\Teacher\t_mainWindow.cpp">
      <Filter>Core\Client\Teacher</Filter>
    </ClCompile>
    <ClCompile Include="Core\Client\Teacher\t_mainWindowController.cpp">
      <Filter>Core\Client\Teacher</Filter>
    </ClCompile>
    <ClCompile Include="Core\Component\Chart\areaChart.cpp">
      <Filter>Core\Component\Chart</Filter>
    </ClCompile>
    <ClCompile Include="Core\Component\Chart\areaChartDynamic.cpp">
      <Filter>Core\Component\Chart</Filter>
    </ClCompile>
    <ClCompile Include="Core\Component\Chart\lineAndBarChart.cpp">
      <Filter>Core\Component\Chart</Filter>
    </ClCompile>
    <ClCompile Include="Core\Component\WhiteBoard\lineEdit.cpp">
      <Filter>Core\Component\WhiteBoard</Filter>
    </ClCompile>
    <ClCompile Include="Core\Component\WhiteBoard\whiteBoard.cpp">
      <Filter>Core\Component\WhiteBoard</Filter>
    </ClCompile>
    <ClCompile Include="Core\Client\Student\CourseManagement\s_courseManagementController.cpp">
      <Filter>Core\Client\Student\CourseManagement</Filter>
    </ClCompile>
    <ClCompile Include="Core\Client\Teacher\CourseManagement\t_courseManagementController.cpp">
      <Filter>Core\Client\Teacher\CourseManagement</Filter>
    </ClCompile>
    <ClCompile Include="Core\Client\Teacher\CourseManagement\t_courseManagementWidget.cpp">
      <Filter>Core\Client\Teacher\CourseManagement</Filter>
    </ClCompile>
    <ClCompile Include="Core\Component\ChatAndInSpeech\chatAndInSpeechWidget.cpp">
      <Filter>Core\Component\ChatAndInSpeech</Filter>
    </ClCompile>
    <ClCompile Include="Core\Component\ChatAndInSpeech\chatItemWidget.cpp">
      <Filter>Core\Component\ChatAndInSpeech</Filter>
    </ClCompile>
    <ClCompile Include="Core\Component\ChatAndInSpeech\inSpeechMemberItemWidget.cpp">
      <Filter>Core\Component\ChatAndInSpeech</Filter>
    </ClCompile>
    <ClCompile Include="Core\Component\WhiteBoard\whiteBoardWidget.cpp">
      <Filter>Core\Component\WhiteBoard</Filter>
    </ClCompile>
  </ItemGroup>
  <ItemGroup>
    <QtMoc Include="Core\Network\socket.h">
      <Filter>Core\Network</Filter>
    </QtMoc>
    <QtMoc Include="Core\Component\toast.h">
      <Filter>Core\Component</Filter>
    </QtMoc>
    <QtMoc Include="Core\Hardware\camera.h">
      <Filter>Core\Hardware</Filter>
    </QtMoc>
    <QtMoc Include="Core\Network\httpRequest.h">
      <Filter>Core\Network</Filter>
    </QtMoc>
    <QtMoc Include="Core\Client\Common\c_listWidgetItem.h">
      <Filter>Core\Client\Common</Filter>
    </QtMoc>
    <QtMoc Include="Core\Client\Student\OnlineClassroom\Concentration\s_concentrationController.h">
      <Filter>Core\Client\Student\OnlineClassroom\Concentration</Filter>
    </QtMoc>
    <QtMoc Include="Core\Client\Student\OnlineClassroom\Enter\s_enterController.h">
      <Filter>Core\Client\Student\OnlineClassroom\Enter</Filter>
    </QtMoc>
    <QtMoc Include="Core\Client\Student\OnlineClassroom\Enter\s_enterDialog.h">
      <Filter>Core\Client\Student\OnlineClassroom\Enter</Filter>
    </QtMoc>
    <QtMoc Include="Core\Client\Student\OnlineClassroom\Interaction\s_chatController.h">
      <Filter>Core\Client\Student\OnlineClassroom\Interaction</Filter>
    </QtMoc>
    <QtMoc Include="Core\Client\Student\OnlineClassroom\Interaction\s_whiteBoardController.h">
      <Filter>Core\Client\Student\OnlineClassroom\Interaction</Filter>
    </QtMoc>
    <QtMoc Include="Core\Client\Student\OnlineClassroom\s_onlineClassroomController.h">
      <Filter>Core\Client\Student\OnlineClassroom</Filter>
    </QtMoc>
    <QtMoc Include="Core\Client\Student\OnlineClassroom\s_onlineClassroomWidget.h">
      <Filter>Core\Client\Student\OnlineClassroom</Filter>
    </QtMoc>
    <QtMoc Include="Core\Client\Student\s_mainWindow.h">
      <Filter>Core\Client\Student</Filter>
    </QtMoc>
    <QtMoc Include="Core\Client\Student\s_mainWindowController.h">
      <Filter>Core\Client\Student</Filter>
    </QtMoc>
    <QtMoc Include="Core\Client\Teacher\OnlineClassroom\Enter\t_enterController.h">
      <Filter>Core\Client\Teacher\OnlineClassroom\Enter</Filter>
    </QtMoc>
    <QtMoc Include="Core\Client\Teacher\OnlineClassroom\Enter\t_enterDialog.h">
      <Filter>Core\Client\Teacher\OnlineClassroom\Enter</Filter>
    </QtMoc>
    <QtMoc Include="Core\Client\Teacher\OnlineClassroom\Interaction\t_chatController.h">
      <Filter>Core\Client\Teacher\OnlineClassroom\Interaction</Filter>
    </QtMoc>
    <QtMoc Include="Core\Client\Teacher\OnlineClassroom\Interaction\t_whiteBoardController.h">
      <Filter>Core\Client\Teacher\OnlineClassroom\Interaction</Filter>
    </QtMoc>
    <QtMoc Include="Core\Client\Teacher\OnlineClassroom\t_onlineClassroomController.h">
      <Filter>Core\Client\Teacher\OnlineClassroom</Filter>
    </QtMoc>
    <QtMoc Include="Core\Client\Teacher\OnlineClassroom\t_onlineClassroomWidget.h">
      <Filter>Core\Client\Teacher\OnlineClassroom</Filter>
    </QtMoc>
    <QtMoc Include="Core\Client\Teacher\t_mainWindow.h">
      <Filter>Core\Client\Teacher</Filter>
    </QtMoc>
    <QtMoc Include="Core\Client\Teacher\t_mainWindowController.h">
      <Filter>Core\Client\Teacher</Filter>
    </QtMoc>
    <QtMoc Include="Core\Component\Chart\areaChart.h">
      <Filter>Core\Component\Chart</Filter>
    </QtMoc>
    <QtMoc Include="Core\Component\Chart\areaChartDynamic.h">
      <Filter>Core\Component\Chart</Filter>
    </QtMoc>
    <QtMoc Include="Core\Component\Chart\lineAndBarChart.h">
      <Filter>Core\Component\Chart</Filter>
    </QtMoc>
    <QtMoc Include="Core\Component\WhiteBoard\lineEdit.h">
      <Filter>Core\Component\WhiteBoard</Filter>
    </QtMoc>
    <QtMoc Include="Core\Component\WhiteBoard\whiteBoard.h">
      <Filter>Core\Component\WhiteBoard</Filter>
    </QtMoc>
    <QtMoc Include="Core\Client\Student\CourseManagement\s_courseManagementWidget.h">
      <Filter>Core\Client\Student\CourseManagement</Filter>
    </QtMoc>
    <QtMoc Include="Core\Client\Student\CourseManagement\s_courseManagementController.h">
      <Filter>Core\Client\Student\CourseManagement</Filter>
    </QtMoc>
    <QtMoc Include="Core\Client\Teacher\CourseManagement\t_courseManagementController.h">
      <Filter>Core\Client\Teacher\CourseManagement</Filter>
    </QtMoc>
    <QtMoc Include="Core\Client\Teacher\CourseManagement\t_courseManagementWidget.h">
      <Filter>Core\Client\Teacher\CourseManagement</Filter>
    </QtMoc>
    <QtMoc Include="Core\Component\ChatAndInSpeech\chatAndInSpeechWidget.h">
      <Filter>Core\Component\ChatAndInSpeech</Filter>
    </QtMoc>
    <QtMoc Include="Core\Component\ChatAndInSpeech\inSpeechMemberItemWidget.h">
      <Filter>Core\Component\ChatAndInSpeech</Filter>
    </QtMoc>
    <QtMoc Include="Core\Component\WhiteBoard\whiteBoardWidget.h">
      <Filter>Core\Component\WhiteBoard</Filter>
    </QtMoc>
  </ItemGroup>
  <ItemGroup>
    <ClInclude Include="Core\Model\course.h">
      <Filter>Core\Model</Filter>
    </ClInclude>
    <ClInclude Include="Core\Model\user.h">
      <Filter>Core\Model</Filter>
    </ClInclude>
    <ClInclude Include="Core\Tools\base64.h">
      <Filter>Core\Tools</Filter>
    </ClInclude>
    <ClInclude Include="Core\Tools\tools.h">
      <Filter>Core\Tools</Filter>
    </ClInclude>
    <ClInclude Include="Core\Tools\pic_tools.h">
      <Filter>Core\Tools</Filter>
    </ClInclude>
    <ClInclude Include="Core\Client\conf.h">
      <Filter>Core\Client</Filter>
    </ClInclude>
    <ClInclude Include="Core\Client\onlineEdu.h">
      <Filter>Core\Client</Filter>
    </ClInclude>
    <ClInclude Include="Core\Component\ChatAndInSpeech\chatItemWidget.h">
      <Filter>Core\Component\ChatAndInSpeech</Filter>
    </ClInclude>
  </ItemGroup>
  <ItemGroup>
    <None Include="cpp.hint" />
    <None Include="Core\Client\conf.ini">
      <Filter>Core\Client</Filter>
    </None>
  </ItemGroup>
</Project>